
Microsoft Visual Studio Solution File, Format Version 12.00
# Visual Studio Version 16
VisualStudioVersion = 16.0.30907.101
MinimumVisualStudioVersion = 10.0.40219.1
Project("{9A19103F-16F7-4668-BE54-9A1E7A4F7556}") = "OOP1", "OOP1\OOP1.csproj", "{896418B8-A04A-48E1-9503-D6B7ECBAB378}"
EndProject
Project("{9A19103F-16F7-4668-BE54-9A1E7A4F7556}") = "Koleksiyonlar", "Koleksiyonlar\Koleksiyonlar.csproj", "{C175E6EE-A594-48A8-823D-66F53D6FC84A}"
EndProject
Project("{9A19103F-16F7-4668-BE54-9A1E7A4F7556}") = "GenericsIntro", "GenericsIntro\GenericsIntro.csproj", "{DC6C94FA-992F-490A-AEF4-4ED5E04D05DB}"
EndProject
Project("{9A19103F-16F7-4668-BE54-9A1E7A4F7556}") = "Dictionary1", "Dictionary1\Dictionary1.csproj", "{90013A17-3E34-4115-9FD1-51B877747A84}"
EndProject
Project("{9A19103F-16F7-4668-BE54-9A1E7A4F7556}") = "OOP2", "OOP2\OOP2.csproj", "{D13247BC-6DF1-44DC-9FBD-49010F5935A7}"
EndProject
Project("{9A19103F-16F7-4668-BE54-9A1E7A4F7556}") = "OOP3", "OOP3\OOP3.csproj", "{4A5288D6-1995-418B-A90B-5950F0A285B1}"
EndProject
Project("{FAE04EC0-301F-11D3-BF4B-00C04F79EFBC}") = "GameCompany", "GameCompany\GameCompany.csproj", "{FB61AB47-4CF3-4CF9-8E98-964A0DEDBE7B}"
EndProject
Global
	GlobalSection(SolutionConfigurationPlatforms) = preSolution
		Debug|Any CPU = Debug|Any CPU
		Release|Any CPU = Release|Any CPU
	EndGlobalSection
	GlobalSection(ProjectConfigurationPlatforms) = postSolution
		{896418B8-A04A-48E1-9503-D6B7ECBAB378}.Debug|Any CPU.ActiveCfg = Debug|Any CPU
		{896418B8-A04A-48E1-9503-D6B7ECBAB378}.Debug|Any CPU.Build.0 = Debug|Any CPU
		{896418B8-A04A-48E1-9503-D6B7ECBAB378}.Release|Any CPU.ActiveCfg = Release|Any CPU
		{896418B8-A04A-48E1-9503-D6B7ECBAB378}.Release|Any CPU.Build.0 = Release|Any CPU
		{C175E6EE-A594-48A8-823D-66F53D6FC84A}.Debug|Any CPU.ActiveCfg = Debug|Any CPU
		{C175E6EE-A594-48A8-823D-66F53D6FC84A}.Debug|Any CPU.Build.0 = Debug|Any CPU
		{C175E6EE-A594-48A8-823D-66F53D6FC84A}.Release|Any CPU.ActiveCfg = Release|Any CPU
		{C175E6EE-A594-48A8-823D-66F53D6FC84A}.Release|Any CPU.Build.0 = Release|Any CPU
		{DC6C94FA-992F-490A-AEF4-4ED5E04D05DB}.Debug|Any CPU.ActiveCfg = Debug|Any CPU
		{DC6C94FA-992F-490A-AEF4-4ED5E04D05DB}.Debug|Any CPU.Build.0 = Debug|Any CPU
		{DC6C94FA-992F-490A-AEF4-4ED5E04D05DB}.Release|Any CPU.ActiveCfg = Release|Any CPU
		{DC6C94FA-992F-490A-AEF4-4ED5E04D05DB}.Release|Any CPU.Build.0 = Release|Any CPU
		{90013A17-3E34-4115-9FD1-51B877747A84}.Debug|Any CPU.ActiveCfg = Debug|Any CPU
		{90013A17-3E34-4115-9FD1-51B877747A84}.Debug|Any CPU.Build.0 = Debug|Any CPU
		{90013A17-3E34-4115-9FD1-51B877747A84}.Release|Any CPU.ActiveCfg = Release|Any CPU
		{90013A17-3E34-4115-9FD1-51B877747A84}.Release|Any CPU.Build.0 = Release|Any CPU
		{D13247BC-6DF1-44DC-9FBD-49010F5935A7}.Debug|Any CPU.ActiveCfg = Debug|Any CPU
		{D13247BC-6DF1-44DC-9FBD-49010F5935A7}.Debug|Any CPU.Build.0 = Debug|Any CPU
		{D13247BC-6DF1-44DC-9FBD-49010F5935A7}.Release|Any CPU.ActiveCfg = Release|Any CPU
		{D13247BC-6DF1-44DC-9FBD-49010F5935A7}.Release|Any CPU.Build.0 = Release|Any CPU
		{4A5288D6-1995-418B-A90B-5950F0A285B1}.Debug|Any CPU.ActiveCfg = Debug|Any CPU
		{4A5288D6-1995-418B-A90B-5950F0A285B1}.Debug|Any CPU.Build.0 = Debug|Any CPU
		{4A5288D6-1995-418B-A90B-5950F0A285B1}.Release|Any CPU.ActiveCfg = Release|Any CPU
		{4A5288D6-1995-418B-A90B-5950F0A285B1}.Release|Any CPU.Build.0 = Release|Any CPU
		{FB61AB47-4CF3-4CF9-8E98-964A0DEDBE7B}.Debug|Any CPU.ActiveCfg = Debug|Any CPU
		{FB61AB47-4CF3-4CF9-8E98-964A0DEDBE7B}.Debug|Any CPU.Build.0 = Debug|Any CPU
		{FB61AB47-4CF3-4CF9-8E98-964A0DEDBE7B}.Release|Any CPU.ActiveCfg = Release|Any CPU
		{FB61AB47-4CF3-4CF9-8E98-964A0DEDBE7B}.Release|Any CPU.Build.0 = Release|Any CPU
	EndGlobalSection
	GlobalSection(SolutionProperties) = preSolution
		HideSolutionNode = FALSE
	EndGlobalSection
	GlobalSection(ExtensibilityGlobals) = postSolution
		SolutionGuid = {C7FA9929-7771-47EA-A923-E24F87120643}
	EndGlobalSection
EndGlobal
